
Microsoft Visual Studio Solution File, Format Version 12.00
# Visual Studio Version 17
VisualStudioVersion = 17.14.36915.13 d17.14
MinimumVisualStudioVersion = 10.0.40219.1
Project("{FAE04EC0-301F-11D3-BF4B-00C04F79EFBC}") = "LineComparison", "ConsoleApp1\LineComparison.csproj", "{95A1FEAD-CE49-4B83-94CC-94A1DF201BFF}"
EndProject
Global
	GlobalSection(SolutionConfigurationPlatforms) = preSolution
		Debug|Any CPU = Debug|Any CPU
		Release|Any CPU = Release|Any CPU
	EndGlobalSection
	GlobalSection(ProjectConfigurationPlatforms) = postSolution
		{95A1FEAD-CE49-4B83-94CC-94A1DF201BFF}.Debug|Any CPU.ActiveCfg = Debug|Any CPU
		{95A1FEAD-CE49-4B83-94CC-94A1DF201BFF}.Debug|Any CPU.Build.0 = Debug|Any CPU
		{95A1FEAD-CE49-4B83-94CC-94A1DF201BFF}.Release|Any CPU.ActiveCfg = Release|Any CPU
		{95A1FEAD-CE49-4B83-94CC-94A1DF201BFF}.Release|Any CPU.Build.0 = Release|Any CPU
	EndGlobalSection
	GlobalSection(SolutionProperties) = preSolution
		HideSolutionNode = FALSE
	EndGlobalSection
	GlobalSection(ExtensibilityGlobals) = postSolution
		SolutionGuid = {E10B8EF1-2522-4FB9-84AD-0A268AD7595E}
	EndGlobalSection
EndGlobal
